
Microsoft Visual Studio Solution File, Format Version 12.00
# Visual Studio 15
VisualStudioVersion = 15.0.26730.16
MinimumVisualStudioVersion = 10.0.40219.1
Project("{FAE04EC0-301F-11D3-BF4B-00C04F79EFBC}") = "BuzzFizz", "BuzzFizz\BuzzFizz.csproj", "{8F87D48A-D1D9-4341-85E5-0E4C228952CA}"
EndProject
Project("{FAE04EC0-301F-11D3-BF4B-00C04F79EFBC}") = "BuzzFizz.Test", "BuzzFizz.Test\BuzzFizz.Test.csproj", "{0BEB1D27-D08E-495B-845C-FDEEDE8FF435}"
EndProject
Project("{2150E333-8FDC-42A3-9474-1A3956D46DE8}") = "Info", "Info", "{D870E1EF-6379-4FA1-82BB-6767A79CC9CC}"
	ProjectSection(SolutionItems) = preProject
		..\README.md = ..\README.md
	EndProjectSection
EndProject
Global
	GlobalSection(SolutionConfigurationPlatforms) = preSolution
		Debug|Any CPU = Debug|Any CPU
		Release|Any CPU = Release|Any CPU
	EndGlobalSection
	GlobalSection(ProjectConfigurationPlatforms) = postSolution
		{8F87D48A-D1D9-4341-85E5-0E4C228952CA}.Debug|Any CPU.ActiveCfg = Debug|Any CPU
		{8F87D48A-D1D9-4341-85E5-0E4C228952CA}.Debug|Any CPU.Build.0 = Debug|Any CPU
		{8F87D48A-D1D9-4341-85E5-0E4C228952CA}.Release|Any CPU.ActiveCfg = Release|Any CPU
		{8F87D48A-D1D9-4341-85E5-0E4C228952CA}.Release|Any CPU.Build.0 = Release|Any CPU
		{0BEB1D27-D08E-495B-845C-FDEEDE8FF435}.Debug|Any CPU.ActiveCfg = Debug|Any CPU
		{0BEB1D27-D08E-495B-845C-FDEEDE8FF435}.Debug|Any CPU.Build.0 = Debug|Any CPU
		{0BEB1D27-D08E-495B-845C-FDEEDE8FF435}.Release|Any CPU.ActiveCfg = Release|Any CPU
		{0BEB1D27-D08E-495B-845C-FDEEDE8FF435}.Release|Any CPU.Build.0 = Release|Any CPU
	EndGlobalSection
	GlobalSection(SolutionProperties) = preSolution
		HideSolutionNode = FALSE
	EndGlobalSection
	GlobalSection(ExtensibilityGlobals) = postSolution
		SolutionGuid = {69C2CCEF-00D3-4B8F-8A2C-F669A354DD70}
	EndGlobalSection
EndGlobal
